
Microsoft Visual Studio Solution File, Format Version 12.00
Project("{FAE04EC0-301F-11D3-BF4B-00C04F79EFBC}") = "Gruppe5Projekt", "Gruppe5Projekt\Gruppe5Projekt.csproj", "{264AF3D6-44DB-419F-8101-EF88A11081E1}"
EndProject
Global
	GlobalSection(SolutionConfigurationPlatforms) = preSolution
		Debug|Any CPU = Debug|Any CPU
		Release|Any CPU = Release|Any CPU
	EndGlobalSection
	GlobalSection(ProjectConfigurationPlatforms) = postSolution
		{264AF3D6-44DB-419F-8101-EF88A11081E1}.Debug|Any CPU.ActiveCfg = Debug|Any CPU
		{264AF3D6-44DB-419F-8101-EF88A11081E1}.Debug|Any CPU.Build.0 = Debug|Any CPU
		{264AF3D6-44DB-419F-8101-EF88A11081E1}.Release|Any CPU.ActiveCfg = Release|Any CPU
		{264AF3D6-44DB-419F-8101-EF88A11081E1}.Release|Any CPU.Build.0 = Release|Any CPU
	EndGlobalSection
EndGlobal
